
Microsoft Visual Studio Solution File, Format Version 12.00
# Visual Studio 2012
Project("{FAE04EC0-301F-11D3-BF4B-00C04F79EFBC}") = "StringCalculatorKata", "StringCalculatorKata\StringCalculatorKata.csproj", "{634C6F0A-611E-43FF-8AF1-8A3FCADFD79E}"
EndProject
Project("{FAE04EC0-301F-11D3-BF4B-00C04F79EFBC}") = "StringCalculatorTests", "StringCalculatorTests\StringCalculatorTests.csproj", "{CD549B13-F974-49ED-9EDA-DB10F1F16768}"
EndProject
Global
	GlobalSection(SolutionConfigurationPlatforms) = preSolution
		Debug|Any CPU = Debug|Any CPU
		Release|Any CPU = Release|Any CPU
	EndGlobalSection
	GlobalSection(ProjectConfigurationPlatforms) = postSolution
		{634C6F0A-611E-43FF-8AF1-8A3FCADFD79E}.Debug|Any CPU.ActiveCfg = Debug|Any CPU
		{634C6F0A-611E-43FF-8AF1-8A3FCADFD79E}.Debug|Any CPU.Build.0 = Debug|Any CPU
		{634C6F0A-611E-43FF-8AF1-8A3FCADFD79E}.Release|Any CPU.ActiveCfg = Release|Any CPU
		{634C6F0A-611E-43FF-8AF1-8A3FCADFD79E}.Release|Any CPU.Build.0 = Release|Any CPU
		{CD549B13-F974-49ED-9EDA-DB10F1F16768}.Debug|Any CPU.ActiveCfg = Debug|Any CPU
		{CD549B13-F974-49ED-9EDA-DB10F1F16768}.Debug|Any CPU.Build.0 = Debug|Any CPU
		{CD549B13-F974-49ED-9EDA-DB10F1F16768}.Release|Any CPU.ActiveCfg = Release|Any CPU
		{CD549B13-F974-49ED-9EDA-DB10F1F16768}.Release|Any CPU.Build.0 = Release|Any CPU
	EndGlobalSection
	GlobalSection(SolutionProperties) = preSolution
		HideSolutionNode = FALSE
	EndGlobalSection
EndGlobal
